{
    "name": "小程序生成海报，图片合成",
    "version": "1.1.6",
    "lockfileVersion": 1,
    "requires": true,
    "dependencies": {
        "cnchar": {
            "version": "3.2.5",
            "resolved": "https://registry.npmmirror.com/cnchar/-/cnchar-3.2.5.tgz",
            "integrity": "sha512-VJaF9FRjabzP2lIBAoffFVlAp7kbO/HJfmBttJIyoA16GSwT9jNwTm7Dh8AIIuppcnGYXs/LnrwDIaC7qExzpQ==",
            "requires": {
                "cnchar-types": "^3.2.5"
            }
        },
        "cnchar-poly": {
            "version": "3.2.5",
            "resolved": "https://registry.npmmirror.com/cnchar-poly/-/cnchar-poly-3.2.5.tgz",
            "integrity": "sha512-Q/QUgp0RaOHyzURe8jzepLEEkr+lW8yxnc2TcSbynfdkoGpXVL8DGUHB7/4gIZgbzEd3Ox5DkPI6CGYYWU7Rog==",
            "requires": {
                "cnchar-types": "^3.2.5"
            }
        },
        "cnchar-types": {
            "version": "3.2.5",
            "resolved": "https://registry.npmmirror.com/cnchar-types/-/cnchar-types-3.2.5.tgz",
            "integrity": "sha512-E4QhUYzCmlZB5EcEXnz9ZrTWl/Cf+Asat6DcMH4TzlmC73NLA/SoEef8Z+IrO7pWKjUA7ZALzERlgVUfC0Wg3A=="
        },
        "dayjs": {
            "version": "1.11.10",
            "resolved": "https://registry.npmmirror.com/dayjs/-/dayjs-1.11.10.tgz",
            "integrity": "sha512-vjAczensTgRcqDERK0SR2XMwsF/tSvnvlv6VcF2GIhg6Sx4yOIt/irsr1RDJsKiIyBzJDpCoXiWWq28MqH2cnQ=="
        },
        "image-tools": {
            "version": "1.4.0",
            "resolved": "https://registry.npmmirror.com/image-tools/-/image-tools-1.4.0.tgz",
            "integrity": "sha512-TKtvJ6iUwM0mfaD4keMnk1ENHFC470QEjBfA3IlvKdEOufzvWbjbaoNcoyYq6HlViF8+d5tOS1ooE6j7CHf1lQ=="
        },
        "js-md5": {
            "version": "0.8.3",
            "resolved": "https://registry.npmmirror.com/js-md5/-/js-md5-0.8.3.tgz",
            "integrity": "sha512-qR0HB5uP6wCuRMrWPTrkMaev7MJZwJuuw4fnwAzRgP4J4/F8RwtodOKpGp4XpqsLBFzzgqIO42efFAyz2Et6KQ=="
        },
        "nim-web-sdk-ng": {
            "version": "0.17.0",
            "resolved": "https://registry.npmmirror.com/nim-web-sdk-ng/-/nim-web-sdk-ng-0.17.0.tgz",
            "integrity": "sha512-GHLLdhID2UlqvTECnfKlHPYiHqJTQSkUZ8UocWYEwSe1vCVL1NZmfmz1m8Uc1GgfxJO1mBhmVDEcj1apTY8f9w=="
        }
    }
}
