{
  "name": "小程序生成海报，图片合成",
  "version": "1.1.6",
  "lockfileVersion": 1,
  "requires": true,
  "dependencies": {
      "@vue/devtools-api": {
          "version": "6.2.1",
          "resolved": "https://registry.npmjs.org/@vue/devtools-api/-/devtools-api-6.2.1.tgz",
          "integrity": "sha512-OEgAMeQXvCoJ+1x8WyQuVZzFo0wcyCmUR3baRVLmKBo1LmYZWMlRiXlux5jd0fqVJu6PfDbOrZItVqUEzLobeQ=="
      },
      "dayjs": {
          "version": "1.11.6",
          "resolved": "https://registry.npmjs.org/dayjs/-/dayjs-1.11.6.tgz",
          "integrity": "sha512-zZbY5giJAinCG+7AGaw0wIhNZ6J8AhWuSXKvuc1KAyMiRsvGQWqh4L+MomvhdAYjN+lqvVCMq1I41e3YHvXkyQ=="
      },
      "image-tools": {
          "version": "1.4.0",
          "resolved": "https://registry.npmjs.org/image-tools/-/image-tools-1.4.0.tgz",
          "integrity": "sha512-TKtvJ6iUwM0mfaD4keMnk1ENHFC470QEjBfA3IlvKdEOufzvWbjbaoNcoyYq6HlViF8+d5tOS1ooE6j7CHf1lQ=="
      },
      "js-md5": {
          "version": "0.7.3",
          "resolved": "https://registry.npmjs.org/js-md5/-/js-md5-0.7.3.tgz",
          "integrity": "sha512-ZC41vPSTLKGwIRjqDh8DfXoCrdQIyBgspJVPXHBGu4nZlAEvG3nf+jO9avM9RmLiGakg7vz974ms99nEV0tmTQ=="
      },
      "tslib": {
          "version": "2.3.0",
          "resolved": "https://registry.npmjs.org/tslib/-/tslib-2.3.0.tgz",
          "integrity": "sha512-N82ooyxVNm6h1riLCoyS9e3fuJ3AMG2zIZs2Gd1ATcSFjSA23Q0fzjjZeh0jbJvWVDZ0cJT8yaNNaaXHzueNjg=="
      },
      "vuex": {
          "version": "4.0.2",
          "resolved": "https://registry.npmjs.org/vuex/-/vuex-4.0.2.tgz",
          "integrity": "sha512-M6r8uxELjZIK8kTKDGgZTYX/ahzblnzC4isU1tpmEuOIIKmV+TRdc+H4s8ds2NuZ7wpUTdGRzJRtoj+lI+pc0Q==",
          "requires": {
              "@vue/devtools-api": "^6.0.0-beta.11"
          }
      },
      "zrender": {
          "version": "5.3.2",
          "resolved": "https://registry.npmjs.org/zrender/-/zrender-5.3.2.tgz",
          "integrity": "sha512-8IiYdfwHj2rx0UeIGZGGU4WEVSDEdeVCaIg/fomejg1Xu6OifAL1GVzIPHg2D+MyUkbNgPWji90t0a8IDk+39w==",
          "requires": {
              "tslib": "2.3.0"
          }
      }
  }
}